
Microsoft Visual Studio Solution File, Format Version 12.00
# Visual Studio Version 17
VisualStudioVersion = 17.5.002.0
MinimumVisualStudioVersion = 10.0.40219.1
Project("{9A19103F-16F7-4668-BE54-9A1E7A4F7556}") = "work", "work.csproj", "{FBC09F0E-7F90-43FB-A094-4B5FD47E8BFD}"
EndProject
Global
	GlobalSection(SolutionConfigurationPlatforms) = preSolution
		Debug|Any CPU = Debug|Any CPU
		Release|Any CPU = Release|Any CPU
	EndGlobalSection
	GlobalSection(ProjectConfigurationPlatforms) = postSolution
		{FBC09F0E-7F90-43FB-A094-4B5FD47E8BFD}.Debug|Any CPU.ActiveCfg = Debug|Any CPU
		{FBC09F0E-7F90-43FB-A094-4B5FD47E8BFD}.Debug|Any CPU.Build.0 = Debug|Any CPU
		{FBC09F0E-7F90-43FB-A094-4B5FD47E8BFD}.Release|Any CPU.ActiveCfg = Release|Any CPU
		{FBC09F0E-7F90-43FB-A094-4B5FD47E8BFD}.Release|Any CPU.Build.0 = Release|Any CPU
	EndGlobalSection
	GlobalSection(SolutionProperties) = preSolution
		HideSolutionNode = FALSE
	EndGlobalSection
	GlobalSection(ExtensibilityGlobals) = postSolution
		SolutionGuid = {31A09384-ACBD-456F-951F-5823F973CA48}
	EndGlobalSection
EndGlobal
